
Microsoft Visual Studio Solution File, Format Version 12.00
# Visual Studio 14
VisualStudioVersion = 14.0.24720.0
MinimumVisualStudioVersion = 10.0.40219.1
Project("{2150E333-8FDC-42A3-9474-1A3956D46DE8}") = "src", "src", "{1B2A24B9-E2CD-477E-BDA7-D0D5643F4CA3}"
EndProject
Project("{2150E333-8FDC-42A3-9474-1A3956D46DE8}") = "Solution Items", "Solution Items", "{AC966597-90C6-4887-8B1F-5813729D8C4D}"
	ProjectSection(SolutionItems) = preProject
		global.json = global.json
	EndProjectSection
EndProject
Project("{8BB2217D-0F2D-49D1-97BC-3654ED321F3B}") = "ServerMonitoring.Web", "src\ServerMonitoring.Web\ServerMonitoring.Web.xproj", "{29FEC89F-53CA-4219-B93C-8643729FF982}"
EndProject
Project("{8BB2217D-0F2D-49D1-97BC-3654ED321F3B}") = "ServerMonitoring.Data", "src\ServerMonitoring.Data\ServerMonitoring.Data.xproj", "{FE65B601-9F8E-4AF9-A6A6-CE45DD1D1B22}"
EndProject
Project("{2150E333-8FDC-42A3-9474-1A3956D46DE8}") = "Agents", "Agents", "{570E864C-9BC4-46F4-9A50-396BC8BAFBA7}"
EndProject
Project("{FAE04EC0-301F-11D3-BF4B-00C04F79EFBC}") = "ServerMonitoring.WindowsAgent", "Agents\ServerMonitoring.WindowsAgent\ServerMonitoring.WindowsAgent.csproj", "{BCDE6A53-CE0A-4190-8525-DC198F538C17}"
EndProject
Global
	GlobalSection(SolutionConfigurationPlatforms) = preSolution
		Debug|Any CPU = Debug|Any CPU
		Release|Any CPU = Release|Any CPU
	EndGlobalSection
	GlobalSection(ProjectConfigurationPlatforms) = postSolution
		{29FEC89F-53CA-4219-B93C-8643729FF982}.Debug|Any CPU.ActiveCfg = Debug|Any CPU
		{29FEC89F-53CA-4219-B93C-8643729FF982}.Debug|Any CPU.Build.0 = Debug|Any CPU
		{29FEC89F-53CA-4219-B93C-8643729FF982}.Release|Any CPU.ActiveCfg = Release|Any CPU
		{29FEC89F-53CA-4219-B93C-8643729FF982}.Release|Any CPU.Build.0 = Release|Any CPU
		{FE65B601-9F8E-4AF9-A6A6-CE45DD1D1B22}.Debug|Any CPU.ActiveCfg = Debug|Any CPU
		{FE65B601-9F8E-4AF9-A6A6-CE45DD1D1B22}.Debug|Any CPU.Build.0 = Debug|Any CPU
		{FE65B601-9F8E-4AF9-A6A6-CE45DD1D1B22}.Release|Any CPU.ActiveCfg = Release|Any CPU
		{FE65B601-9F8E-4AF9-A6A6-CE45DD1D1B22}.Release|Any CPU.Build.0 = Release|Any CPU
		{BCDE6A53-CE0A-4190-8525-DC198F538C17}.Debug|Any CPU.ActiveCfg = Debug|Any CPU
		{BCDE6A53-CE0A-4190-8525-DC198F538C17}.Debug|Any CPU.Build.0 = Debug|Any CPU
		{BCDE6A53-CE0A-4190-8525-DC198F538C17}.Release|Any CPU.ActiveCfg = Release|Any CPU
		{BCDE6A53-CE0A-4190-8525-DC198F538C17}.Release|Any CPU.Build.0 = Release|Any CPU
	EndGlobalSection
	GlobalSection(SolutionProperties) = preSolution
		HideSolutionNode = FALSE
	EndGlobalSection
	GlobalSection(NestedProjects) = preSolution
		{29FEC89F-53CA-4219-B93C-8643729FF982} = {1B2A24B9-E2CD-477E-BDA7-D0D5643F4CA3}
		{FE65B601-9F8E-4AF9-A6A6-CE45DD1D1B22} = {1B2A24B9-E2CD-477E-BDA7-D0D5643F4CA3}
		{570E864C-9BC4-46F4-9A50-396BC8BAFBA7} = {1B2A24B9-E2CD-477E-BDA7-D0D5643F4CA3}
		{BCDE6A53-CE0A-4190-8525-DC198F538C17} = {570E864C-9BC4-46F4-9A50-396BC8BAFBA7}
	EndGlobalSection
EndGlobal
